// !$*UTF8*$!
{
	archiveVersion = 1;
	classes = {
	};
	objectVersion = 50;
	objects = {

/* Begin PBXBuildFile section */
		1E1E17E421B5673E00174653 /* AppDelegate.swift in Sources */ = {isa = PBXBuildFile; fileRef = 1E1E17E321B5673E00174653 /* AppDelegate.swift */; };
		1E1E17E921B5673E00174653 /* Main.storyboard in Resources */ = {isa = PBXBuildFile; fileRef = 1E1E17E721B5673E00174653 /* Main.storyboard */; };
		1E1E17EB21B5673E00174653 /* Assets.xcassets in Resources */ = {isa = PBXBuildFile; fileRef = 1E1E17EA21B5673E00174653 /* Assets.xcassets */; };
		1E1E17EE21B5673E00174653 /* LaunchScreen.storyboard in Resources */ = {isa = PBXBuildFile; fileRef = 1E1E17EC21B5673E00174653 /* LaunchScreen.storyboard */; };
		1E6E814421C828D1001A1B67 /* AllRidesTableViewController.swift in Sources */ = {isa = PBXBuildFile; fileRef = 1E6E814321C828D1001A1B67 /* AllRidesTableViewController.swift */; };
		1E7C437B21CAB8A80062680C /* HomeViewController.swift in Sources */ = {isa = PBXBuildFile; fileRef = 1E7C437A21CAB8A80062680C /* HomeViewController.swift */; };
		1EDF7CC021C92B7D000192D7 /* AddRideViewController.swift in Sources */ = {isa = PBXBuildFile; fileRef = 1EDF7CBF21C92B7D000192D7 /* AddRideViewController.swift */; };
		1EDF7CC421C92E1C000192D7 /* RideInfo.swift in Sources */ = {isa = PBXBuildFile; fileRef = 1EDF7CC321C92E1C000192D7 /* RideInfo.swift */; };
		1EDF7CC621C92E3D000192D7 /* Address.swift in Sources */ = {isa = PBXBuildFile; fileRef = 1EDF7CC521C92E3D000192D7 /* Address.swift */; };
		1EDF7CC821C93335000192D7 /* Ride.swift in Sources */ = {isa = PBXBuildFile; fileRef = 1EDF7CC721C93335000192D7 /* Ride.swift */; };
		1EDF7CCA21C95293000192D7 /* UserPersonalRidesTableViewController.swift in Sources */ = {isa = PBXBuildFile; fileRef = 1EDF7CC921C95293000192D7 /* UserPersonalRidesTableViewController.swift */; };
		1EDF7CCE21C97949000192D7 /* Passenger.swift in Sources */ = {isa = PBXBuildFile; fileRef = 1EDF7CCD21C97949000192D7 /* Passenger.swift */; };
		1EFCADA221CAB602002EBB55 /* Auth0.plist in Resources */ = {isa = PBXBuildFile; fileRef = 1EFCADA121CAB602002EBB55 /* Auth0.plist */; };
		AE9989EAFFDD2B61288F47C5 /* Pods_Carmilo.framework in Frameworks */ = {isa = PBXBuildFile; fileRef = 222E7C863E6FA148A56B00D3 /* Pods_Carmilo.framework */; };
/* End PBXBuildFile section */

/* Begin PBXFileReference section */
		1E1E17E021B5673E00174653 /* Carmilo.app */ = {isa = PBXFileReference; explicitFileType = wrapper.application; includeInIndex = 0; path = Carmilo.app; sourceTree = BUILT_PRODUCTS_DIR; };
		1E1E17E321B5673E00174653 /* AppDelegate.swift */ = {isa = PBXFileReference; lastKnownFileType = sourcecode.swift; path = AppDelegate.swift; sourceTree = "<group>"; };
		1E1E17E821B5673E00174653 /* Base */ = {isa = PBXFileReference; lastKnownFileType = file.storyboard; name = Base; path = Base.lproj/Main.storyboard; sourceTree = "<group>"; };
		1E1E17EA21B5673E00174653 /* Assets.xcassets */ = {isa = PBXFileReference; lastKnownFileType = folder.assetcatalog; path = Assets.xcassets; sourceTree = "<group>"; };
		1E1E17ED21B5673E00174653 /* Base */ = {isa = PBXFileReference; lastKnownFileType = file.storyboard; name = Base; path = Base.lproj/LaunchScreen.storyboard; sourceTree = "<group>"; };
		1E1E17EF21B5673E00174653 /* Info.plist */ = {isa = PBXFileReference; lastKnownFileType = text.plist.xml; path = Info.plist; sourceTree = "<group>"; };
		1E6E814321C828D1001A1B67 /* AllRidesTableViewController.swift */ = {isa = PBXFileReference; lastKnownFileType = sourcecode.swift; path = AllRidesTableViewController.swift; sourceTree = "<group>"; };
		1E7C437A21CAB8A80062680C /* HomeViewController.swift */ = {isa = PBXFileReference; lastKnownFileType = sourcecode.swift; path = HomeViewController.swift; sourceTree = "<group>"; };
		1EDF7CBF21C92B7D000192D7 /* AddRideViewController.swift */ = {isa = PBXFileReference; lastKnownFileType = sourcecode.swift; path = AddRideViewController.swift; sourceTree = "<group>"; };
		1EDF7CC321C92E1C000192D7 /* RideInfo.swift */ = {isa = PBXFileReference; lastKnownFileType = sourcecode.swift; path = RideInfo.swift; sourceTree = "<group>"; };
		1EDF7CC521C92E3D000192D7 /* Address.swift */ = {isa = PBXFileReference; lastKnownFileType = sourcecode.swift; path = Address.swift; sourceTree = "<group>"; };
		1EDF7CC721C93335000192D7 /* Ride.swift */ = {isa = PBXFileReference; lastKnownFileType = sourcecode.swift; path = Ride.swift; sourceTree = "<group>"; };
		1EDF7CC921C95293000192D7 /* UserPersonalRidesTableViewController.swift */ = {isa = PBXFileReference; lastKnownFileType = sourcecode.swift; path = UserPersonalRidesTableViewController.swift; sourceTree = "<group>"; };
		1EDF7CCD21C97949000192D7 /* Passenger.swift */ = {isa = PBXFileReference; lastKnownFileType = sourcecode.swift; path = Passenger.swift; sourceTree = "<group>"; };
		1EFCADA121CAB602002EBB55 /* Auth0.plist */ = {isa = PBXFileReference; lastKnownFileType = text.plist.xml; path = Auth0.plist; sourceTree = "<group>"; };
		222E7C863E6FA148A56B00D3 /* Pods_Carmilo.framework */ = {isa = PBXFileReference; explicitFileType = wrapper.framework; includeInIndex = 0; path = Pods_Carmilo.framework; sourceTree = BUILT_PRODUCTS_DIR; };
		2D1A35C3098A0EB8C510D16B /* Pods-Carmilo.release.xcconfig */ = {isa = PBXFileReference; includeInIndex = 1; lastKnownFileType = text.xcconfig; name = "Pods-Carmilo.release.xcconfig"; path = "Pods/Target Support Files/Pods-Carmilo/Pods-Carmilo.release.xcconfig"; sourceTree = "<group>"; };
		64CF0210420C4F24425C9AA5 /* Pods-Carmilo.debug.xcconfig */ = {isa = PBXFileReference; includeInIndex = 1; lastKnownFileType = text.xcconfig; name = "Pods-Carmilo.debug.xcconfig"; path = "Pods/Target Support Files/Pods-Carmilo/Pods-Carmilo.debug.xcconfig"; sourceTree = "<group>"; };
/* End PBXFileReference section */

/* Begin PBXFrameworksBuildPhase section */
		1E1E17DD21B5673E00174653 /* Frameworks */ = {
			isa = PBXFrameworksBuildPhase;
			buildActionMask = 2147483647;
			files = (
				AE9989EAFFDD2B61288F47C5 /* Pods_Carmilo.framework in Frameworks */,
			);
			runOnlyForDeploymentPostprocessing = 0;
		};
/* End PBXFrameworksBuildPhase section */

/* Begin PBXGroup section */
		1E1E17D721B5673E00174653 = {
			isa = PBXGroup;
			children = (
				1E1E17E221B5673E00174653 /* Carmilo */,
				1E1E17E121B5673E00174653 /* Products */,
				C2BD71D9A82A834E272F4AC1 /* Pods */,
				2077173757E1632426A5636F /* Frameworks */,
			);
			sourceTree = "<group>";
		};
		1E1E17E121B5673E00174653 /* Products */ = {
			isa = PBXGroup;
			children = (
				1E1E17E021B5673E00174653 /* Carmilo.app */,
			);
			name = Products;
			sourceTree = "<group>";
		};
		1E1E17E221B5673E00174653 /* Carmilo */ = {
			isa = PBXGroup;
			children = (
				1E1E17E321B5673E00174653 /* AppDelegate.swift */,
				1E7C437A21CAB8A80062680C /* HomeViewController.swift */,
				1EFCADA121CAB602002EBB55 /* Auth0.plist */,
				1E1E17E721B5673E00174653 /* Main.storyboard */,
				1EDF7CC921C95293000192D7 /* UserPersonalRidesTableViewController.swift */,
				1E1E17EA21B5673E00174653 /* Assets.xcassets */,
				1E1E17EC21B5673E00174653 /* LaunchScreen.storyboard */,
				1E1E17EF21B5673E00174653 /* Info.plist */,
				1E6E814321C828D1001A1B67 /* AllRidesTableViewController.swift */,
				1EDF7CC721C93335000192D7 /* Ride.swift */,
				1EDF7CC321C92E1C000192D7 /* RideInfo.swift */,
				1EDF7CCD21C97949000192D7 /* Passenger.swift */,
				1EDF7CBF21C92B7D000192D7 /* AddRideViewController.swift */,
				1EDF7CC521C92E3D000192D7 /* Address.swift */,
			);
			path = Carmilo;
			sourceTree = "<group>";
		};
		2077173757E1632426A5636F /* Frameworks */ = {
			isa = PBXGroup;
			children = (
				222E7C863E6FA148A56B00D3 /* Pods_Carmilo.framework */,
			);
			name = Frameworks;
			sourceTree = "<group>";
		};
		C2BD71D9A82A834E272F4AC1 /* Pods */ = {
			isa = PBXGroup;
			children = (
				64CF0210420C4F24425C9AA5 /* Pods-Carmilo.debug.xcconfig */,
				2D1A35C3098A0EB8C510D16B /* Pods-Carmilo.release.xcconfig */,
			);
			name = Pods;
			sourceTree = "<group>";
		};
/* End PBXGroup section */

/* Begin PBXNativeTarget section */
		1E1E17DF21B5673E00174653 /* Carmilo */ = {
			isa = PBXNativeTarget;
			buildConfigurationList = 1E1E17F221B5673E00174653 /* Build configuration list for PBXNativeTarget "Carmilo" */;
			buildPhases = (
				742713E6C779C45AE3359996 /* [CP] Check Pods Manifest.lock */,
				1E1E17DC21B5673E00174653 /* Sources */,
				1E1E17DD21B5673E00174653 /* Frameworks */,
				1E1E17DE21B5673E00174653 /* Resources */,
				C8497A669E4EE03C4C193CE0 /* [CP] Embed Pods Frameworks */,
			);
			buildRules = (
			);
			dependencies = (
			);
			name = Carmilo;
			productName = Carmilo;
			productReference = 1E1E17E021B5673E00174653 /* Carmilo.app */;
			productType = "com.apple.product-type.application";
		};
/* End PBXNativeTarget section */

/* Begin PBXProject section */
		1E1E17D821B5673E00174653 /* Project object */ = {
			isa = PBXProject;
			attributes = {
				LastSwiftUpdateCheck = 1010;
				LastUpgradeCheck = 1010;
				ORGANIZATIONNAME = "Jelle Geers";
				TargetAttributes = {
					1E1E17DF21B5673E00174653 = {
						CreatedOnToolsVersion = 10.1;
					};
				};
			};
			buildConfigurationList = 1E1E17DB21B5673E00174653 /* Build configuration list for PBXProject "Carmilo" */;
			compatibilityVersion = "Xcode 9.3";
			developmentRegion = en;
			hasScannedForEncodings = 0;
			knownRegions = (
				en,
				Base,
			);
			mainGroup = 1E1E17D721B5673E00174653;
			productRefGroup = 1E1E17E121B5673E00174653 /* Products */;
			projectDirPath = "";
			projectRoot = "";
			targets = (
				1E1E17DF21B5673E00174653 /* Carmilo */,
			);
		};
/* End PBXProject section */

/* Begin PBXResourcesBuildPhase section */
		1E1E17DE21B5673E00174653 /* Resources */ = {
			isa = PBXResourcesBuildPhase;
			buildActionMask = 2147483647;
			files = (
				1E1E17EE21B5673E00174653 /* LaunchScreen.storyboard in Resources */,
				1E1E17EB21B5673E00174653 /* Assets.xcassets in Resources */,
				1E1E17E921B5673E00174653 /* Main.storyboard in Resources */,
				1EFCADA221CAB602002EBB55 /* Auth0.plist in Resources */,
			);
			runOnlyForDeploymentPostprocessing = 0;
		};
/* End PBXResourcesBuildPhase section */

/* Begin PBXShellScriptBuildPhase section */
		742713E6C779C45AE3359996 /* [CP] Check Pods Manifest.lock */ = {
			isa = PBXShellScriptBuildPhase;
			buildActionMask = 2147483647;
			files = (
			);
			inputFileListPaths = (
			);
			inputPaths = (
				"${PODS_PODFILE_DIR_PATH}/Podfile.lock",
				"${PODS_ROOT}/Manifest.lock",
			);
			name = "[CP] Check Pods Manifest.lock";
			outputFileListPaths = (
			);
			outputPaths = (
				"$(DERIVED_FILE_DIR)/Pods-Carmilo-checkManifestLockResult.txt",
			);
			runOnlyForDeploymentPostprocessing = 0;
			shellPath = /bin/sh;
			shellScript = "diff \"${PODS_PODFILE_DIR_PATH}/Podfile.lock\" \"${PODS_ROOT}/Manifest.lock\" > /dev/null\nif [ $? != 0 ] ; then\n    # print error to STDERR\n    echo \"error: The sandbox is not in sync with the Podfile.lock. Run 'pod install' or update your CocoaPods installation.\" >&2\n    exit 1\nfi\n# This output is used by Xcode 'outputs' to avoid re-running this script phase.\necho \"SUCCESS\" > \"${SCRIPT_OUTPUT_FILE_0}\"\n";
			showEnvVarsInLog = 0;
		};
		C8497A669E4EE03C4C193CE0 /* [CP] Embed Pods Frameworks */ = {
			isa = PBXShellScriptBuildPhase;
			buildActionMask = 2147483647;
			files = (
			);
			inputFileListPaths = (
			);
			inputPaths = (
				"${SRCROOT}/Pods/Target Support Files/Pods-Carmilo/Pods-Carmilo-frameworks.sh",
				"${BUILT_PRODUCTS_DIR}/Auth0/Auth0.framework",
				"${BUILT_PRODUCTS_DIR}/SimpleKeychain/SimpleKeychain.framework",
			);
			name = "[CP] Embed Pods Frameworks";
			outputFileListPaths = (
			);
			outputPaths = (
				"${TARGET_BUILD_DIR}/${FRAMEWORKS_FOLDER_PATH}/Auth0.framework",
				"${TARGET_BUILD_DIR}/${FRAMEWORKS_FOLDER_PATH}/SimpleKeychain.framework",
			);
			runOnlyForDeploymentPostprocessing = 0;
			shellPath = /bin/sh;
			shellScript = "\"${SRCROOT}/Pods/Target Support Files/Pods-Carmilo/Pods-Carmilo-frameworks.sh\"\n";
			showEnvVarsInLog = 0;
		};
/* End PBXShellScriptBuildPhase section */

/* Begin PBXSourcesBuildPhase section */
		1E1E17DC21B5673E00174653 /* Sources */ = {
			isa = PBXSourcesBuildPhase;
			buildActionMask = 2147483647;
			files = (
				1EDF7CC621C92E3D000192D7 /* Address.swift in Sources */,
				1E1E17E421B5673E00174653 /* AppDelegate.swift in Sources */,
				1EDF7CCE21C97949000192D7 /* Passenger.swift in Sources */,
				1EDF7CC421C92E1C000192D7 /* RideInfo.swift in Sources */,
				1E6E814421C828D1001A1B67 /* AllRidesTableViewController.swift in Sources */,
				1E7C437B21CAB8A80062680C /* HomeViewController.swift in Sources */,
				1EDF7CCA21C95293000192D7 /* UserPersonalRidesTableViewController.swift in Sources */,
				1EDF7CC021C92B7D000192D7 /* AddRideViewController.swift in Sources */,
				1EDF7CC821C93335000192D7 /* Ride.swift in Sources */,
			);
			runOnlyForDeploymentPostprocessing = 0;
		};
/* End PBXSourcesBuildPhase section */

/* Begin PBXVariantGroup section */
		1E1E17E721B5673E00174653 /* Main.storyboard */ = {
			isa = PBXVariantGroup;
			children = (
				1E1E17E821B5673E00174653 /* Base */,
			);
			name = Main.storyboard;
			sourceTree = "<group>";
		};
		1E1E17EC21B5673E00174653 /* LaunchScreen.storyboard */ = {
			isa = PBXVariantGroup;
			children = (
				1E1E17ED21B5673E00174653 /* Base */,
			);
			name = LaunchScreen.storyboard;
			sourceTree = "<group>";
		};
/* End PBXVariantGroup section */

/* Begin XCBuildConfiguration section */
		1E1E17F021B5673E00174653 /* Debug */ = {
			isa = XCBuildConfiguration;
			buildSettings = {
				ALWAYS_SEARCH_USER_PATHS = NO;
				CLANG_ANALYZER_NONNULL = YES;
				CLANG_ANALYZER_NUMBER_OBJECT_CONVERSION = YES_AGGRESSIVE;
				CLANG_CXX_LANGUAGE_STANDARD = "gnu++14";
				CLANG_CXX_LIBRARY = "libc++";
				CLANG_ENABLE_MODULES = YES;
				CLANG_ENABLE_OBJC_ARC = YES;
				CLANG_ENABLE_OBJC_WEAK = YES;
				CLANG_WARN_BLOCK_CAPTURE_AUTORELEASING = YES;
				CLANG_WARN_BOOL_CONVERSION = YES;
				CLANG_WARN_COMMA = YES;
				CLANG_WARN_CONSTANT_CONVERSION = YES;
				CLANG_WARN_DEPRECATED_OBJC_IMPLEMENTATIONS = YES;
				CLANG_WARN_DIRECT_OBJC_ISA_USAGE = YES_ERROR;
				CLANG_WARN_DOCUMENTATION_COMMENTS = YES;
				CLANG_WARN_EMPTY_BODY = YES;
				CLANG_WARN_ENUM_CONVERSION = YES;
				CLANG_WARN_INFINITE_RECURSION = YES;
				CLANG_WARN_INT_CONVERSION = YES;
				CLANG_WARN_NON_LITERAL_NULL_CONVERSION = YES;
				CLANG_WARN_OBJC_IMPLICIT_RETAIN_SELF = YES;
				CLANG_WARN_OBJC_LITERAL_CONVERSION = YES;
				CLANG_WARN_OBJC_ROOT_CLASS = YES_ERROR;
				CLANG_WARN_RANGE_LOOP_ANALYSIS = YES;
				CLANG_WARN_STRICT_PROTOTYPES = YES;
				CLANG_WARN_SUSPICIOUS_MOVE = YES;
				CLANG_WARN_UNGUARDED_AVAILABILITY = YES_AGGRESSIVE;
				CLANG_WARN_UNREACHABLE_CODE = YES;
				CLANG_WARN__DUPLICATE_METHOD_MATCH = YES;
				CODE_SIGN_IDENTITY = "iPhone Developer";
				COPY_PHASE_STRIP = NO;
				DEBUG_INFORMATION_FORMAT = dwarf;
				ENABLE_STRICT_OBJC_MSGSEND = YES;
				ENABLE_TESTABILITY = YES;
				GCC_C_LANGUAGE_STANDARD = gnu11;
				GCC_DYNAMIC_NO_PIC = NO;
				GCC_NO_COMMON_BLOCKS = YES;
				GCC_OPTIMIZATION_LEVEL = 0;
				GCC_PREPROCESSOR_DEFINITIONS = (
					"DEBUG=1",
					"$(inherited)",
				);
				GCC_WARN_64_TO_32_BIT_CONVERSION = YES;
				GCC_WARN_ABOUT_RETURN_TYPE = YES_ERROR;
				GCC_WARN_UNDECLARED_SELECTOR = YES;
				GCC_WARN_UNINITIALIZED_AUTOS = YES_AGGRESSIVE;
				GCC_WARN_UNUSED_FUNCTION = YES;
				GCC_WARN_UNUSED_VARIABLE = YES;
				IPHONEOS_DEPLOYMENT_TARGET = 12.1;
				MTL_ENABLE_DEBUG_INFO = INCLUDE_SOURCE;
				MTL_FAST_MATH = YES;
				ONLY_ACTIVE_ARCH = YES;
				SDKROOT = iphoneos;
				SWIFT_ACTIVE_COMPILATION_CONDITIONS = DEBUG;
				SWIFT_OPTIMIZATION_LEVEL = "-Onone";
			};
			name = Debug;
		};
		1E1E17F121B5673E00174653 /* Release */ = {
			isa = XCBuildConfiguration;
			buildSettings = {
				ALWAYS_SEARCH_USER_PATHS = NO;
				CLANG_ANALYZER_NONNULL = YES;
				CLANG_ANALYZER_NUMBER_OBJECT_CONVERSION = YES_AGGRESSIVE;
				CLANG_CXX_LANGUAGE_STANDARD = "gnu++14";
				CLANG_CXX_LIBRARY = "libc++";
				CLANG_ENABLE_MODULES = YES;
				CLANG_ENABLE_OBJC_ARC = YES;
				CLANG_ENABLE_OBJC_WEAK = YES;
				CLANG_WARN_BLOCK_CAPTURE_AUTORELEASING = YES;
				CLANG_WARN_BOOL_CONVERSION = YES;
				CLANG_WARN_COMMA = YES;
				CLANG_WARN_CONSTANT_CONVERSION = YES;
				CLANG_WARN_DEPRECATED_OBJC_IMPLEMENTATIONS = YES;
				CLANG_WARN_DIRECT_OBJC_ISA_USAGE = YES_ERROR;
				CLANG_WARN_DOCUMENTATION_COMMENTS = YES;
				CLANG_WARN_EMPTY_BODY = YES;
				CLANG_WARN_ENUM_CONVERSION = YES;
				CLANG_WARN_INFINITE_RECURSION = YES;
				CLANG_WARN_INT_CONVERSION = YES;
				CLANG_WARN_NON_LITERAL_NULL_CONVERSION = YES;
				CLANG_WARN_OBJC_IMPLICIT_RETAIN_SELF = YES;
				CLANG_WARN_OBJC_LITERAL_CONVERSION = YES;
				CLANG_WARN_OBJC_ROOT_CLASS = YES_ERROR;
				CLANG_WARN_RANGE_LOOP_ANALYSIS = YES;
				CLANG_WARN_STRICT_PROTOTYPES = YES;
				CLANG_WARN_SUSPICIOUS_MOVE = YES;
				CLANG_WARN_UNGUARDED_AVAILABILITY = YES_AGGRESSIVE;
				CLANG_WARN_UNREACHABLE_CODE = YES;
				CLANG_WARN__DUPLICATE_METHOD_MATCH = YES;
				CODE_SIGN_IDENTITY = "iPhone Developer";
				COPY_PHASE_STRIP = NO;
				DEBUG_INFORMATION_FORMAT = "dwarf-with-dsym";
				ENABLE_NS_ASSERTIONS = NO;
				ENABLE_STRICT_OBJC_MSGSEND = YES;
				GCC_C_LANGUAGE_STANDARD = gnu11;
				GCC_NO_COMMON_BLOCKS = YES;
				GCC_WARN_64_TO_32_BIT_CONVERSION = YES;
				GCC_WARN_ABOUT_RETURN_TYPE = YES_ERROR;
				GCC_WARN_UNDECLARED_SELECTOR = YES;
				GCC_WARN_UNINITIALIZED_AUTOS = YES_AGGRESSIVE;
				GCC_WARN_UNUSED_FUNCTION = YES;
				GCC_WARN_UNUSED_VARIABLE = YES;
				IPHONEOS_DEPLOYMENT_TARGET = 12.1;
				MTL_ENABLE_DEBUG_INFO = NO;
				MTL_FAST_MATH = YES;
				SDKROOT = iphoneos;
				SWIFT_COMPILATION_MODE = wholemodule;
				SWIFT_OPTIMIZATION_LEVEL = "-O";
				VALIDATE_PRODUCT = YES;
			};
			name = Release;
		};
		1E1E17F321B5673E00174653 /* Debug */ = {
			isa = XCBuildConfiguration;
			baseConfigurationReference = 64CF0210420C4F24425C9AA5 /* Pods-Carmilo.debug.xcconfig */;
			buildSettings = {
				ASSETCATALOG_COMPILER_APPICON_NAME = AppIcon;
				CODE_SIGN_STYLE = Automatic;
				DEVELOPMENT_TEAM = 2G22BFR9L3;
				INFOPLIST_FILE = Carmilo/Info.plist;
				LD_RUNPATH_SEARCH_PATHS = (
					"$(inherited)",
					"@executable_path/Frameworks",
				);
				PRODUCT_BUNDLE_IDENTIFIER = com.example.Carmilo;
				PRODUCT_NAME = "$(TARGET_NAME)";
				SWIFT_VERSION = 4.2;
				TARGETED_DEVICE_FAMILY = "1,2";
			};
			name = Debug;
		};
		1E1E17F421B5673E00174653 /* Release */ = {
			isa = XCBuildConfiguration;
			baseConfigurationReference = 2D1A35C3098A0EB8C510D16B /* Pods-Carmilo.release.xcconfig */;
			buildSettings = {
				ASSETCATALOG_COMPILER_APPICON_NAME = AppIcon;
				CODE_SIGN_STYLE = Automatic;
				DEVELOPMENT_TEAM = 2G22BFR9L3;
				INFOPLIST_FILE = Carmilo/Info.plist;
				LD_RUNPATH_SEARCH_PATHS = (
					"$(inherited)",
					"@executable_path/Frameworks",
				);
				PRODUCT_BUNDLE_IDENTIFIER = com.example.Carmilo;
				PRODUCT_NAME = "$(TARGET_NAME)";
				SWIFT_VERSION = 4.2;
				TARGETED_DEVICE_FAMILY = "1,2";
			};
			name = Release;
		};
/* End XCBuildConfiguration section */

/* Begin XCConfigurationList section */
		1E1E17DB21B5673E00174653 /* Build configuration list for PBXProject "Carmilo" */ = {
			isa = XCConfigurationList;
			buildConfigurations = (
				1E1E17F021B5673E00174653 /* Debug */,
				1E1E17F121B5673E00174653 /* Release */,
			);
			defaultConfigurationIsVisible = 0;
			defaultConfigurationName = Release;
		};
		1E1E17F221B5673E00174653 /* Build configuration list for PBXNativeTarget "Carmilo" */ = {
			isa = XCConfigurationList;
			buildConfigurations = (
				1E1E17F321B5673E00174653 /* Debug */,
				1E1E17F421B5673E00174653 /* Release */,
			);
			defaultConfigurationIsVisible = 0;
			defaultConfigurationName = Release;
		};
/* End XCConfigurationList section */
	};
	rootObject = 1E1E17D821B5673E00174653 /* Project object */;
}
